
Microsoft Visual Studio Solution File, Format Version 12.00
# Visual Studio Version 16
VisualStudioVersion = 16.0.30204.135
MinimumVisualStudioVersion = 10.0.40219.1
Project("{8BC9CEB8-8B4A-11D0-8D11-00A0C91BC942}") = "Patical 1 GD", "Patical 1 GD\Patical 1 GD.vcxproj", "{0B3FF0F9-FC85-4301-B82D-39E9BDECFF85}"
EndProject
Global
	GlobalSection(SolutionConfigurationPlatforms) = preSolution
		Debug|x64 = Debug|x64
		Debug|x86 = Debug|x86
		Release|x64 = Release|x64
		Release|x86 = Release|x86
	EndGlobalSection
	GlobalSection(ProjectConfigurationPlatforms) = postSolution
		{0B3FF0F9-FC85-4301-B82D-39E9BDECFF85}.Debug|x64.ActiveCfg = Debug|x64
		{0B3FF0F9-FC85-4301-B82D-39E9BDECFF85}.Debug|x64.Build.0 = Debug|x64
		{0B3FF0F9-FC85-4301-B82D-39E9BDECFF85}.Debug|x86.ActiveCfg = Debug|Win32
		{0B3FF0F9-FC85-4301-B82D-39E9BDECFF85}.Debug|x86.Build.0 = Debug|Win32
		{0B3FF0F9-FC85-4301-B82D-39E9BDECFF85}.Release|x64.ActiveCfg = Release|x64
		{0B3FF0F9-FC85-4301-B82D-39E9BDECFF85}.Release|x64.Build.0 = Release|x64
		{0B3FF0F9-FC85-4301-B82D-39E9BDECFF85}.Release|x86.ActiveCfg = Release|Win32
		{0B3FF0F9-FC85-4301-B82D-39E9BDECFF85}.Release|x86.Build.0 = Release|Win32
	EndGlobalSection
	GlobalSection(SolutionProperties) = preSolution
		HideSolutionNode = FALSE
	EndGlobalSection
	GlobalSection(ExtensibilityGlobals) = postSolution
		SolutionGuid = {5689D3DA-5993-4F5D-8FE0-6892C518F734}
	EndGlobalSection
EndGlobal
